
Microsoft Visual Studio Solution File, Format Version 12.00
# Visual Studio Version 17
VisualStudioVersion = 17.7.34009.444
MinimumVisualStudioVersion = 10.0.40219.1
Project("{9A19103F-16F7-4668-BE54-9A1E7A4F7556}") = "IceSync", "IceSync\IceSync.csproj", "{A56052E2-99CD-4A1A-BDD3-991802802EF3}"
EndProject
Project("{9A19103F-16F7-4668-BE54-9A1E7A4F7556}") = "IceCreamCompanySync", "IceCreamCompanySync\IceCreamCompanySync.csproj", "{512A38B8-FF3C-4FCF-A0E2-007BCDB7E311}"
EndProject
Project("{9A19103F-16F7-4668-BE54-9A1E7A4F7556}") = "IceCreamCompanySync.HttpHandler", "IceCreamCompany.HttpHandler\IceCreamCompanySync.HttpHandler.csproj", "{077B8D5C-8CB3-44C1-A64B-22F6A5DE24A0}"
EndProject
Global
	GlobalSection(SolutionConfigurationPlatforms) = preSolution
		Debug|Any CPU = Debug|Any CPU
		Release|Any CPU = Release|Any CPU
	EndGlobalSection
	GlobalSection(ProjectConfigurationPlatforms) = postSolution
		{A56052E2-99CD-4A1A-BDD3-991802802EF3}.Debug|Any CPU.ActiveCfg = Debug|Any CPU
		{A56052E2-99CD-4A1A-BDD3-991802802EF3}.Debug|Any CPU.Build.0 = Debug|Any CPU
		{A56052E2-99CD-4A1A-BDD3-991802802EF3}.Release|Any CPU.ActiveCfg = Release|Any CPU
		{A56052E2-99CD-4A1A-BDD3-991802802EF3}.Release|Any CPU.Build.0 = Release|Any CPU
		{512A38B8-FF3C-4FCF-A0E2-007BCDB7E311}.Debug|Any CPU.ActiveCfg = Debug|Any CPU
		{512A38B8-FF3C-4FCF-A0E2-007BCDB7E311}.Debug|Any CPU.Build.0 = Debug|Any CPU
		{512A38B8-FF3C-4FCF-A0E2-007BCDB7E311}.Release|Any CPU.ActiveCfg = Release|Any CPU
		{512A38B8-FF3C-4FCF-A0E2-007BCDB7E311}.Release|Any CPU.Build.0 = Release|Any CPU
		{077B8D5C-8CB3-44C1-A64B-22F6A5DE24A0}.Debug|Any CPU.ActiveCfg = Debug|Any CPU
		{077B8D5C-8CB3-44C1-A64B-22F6A5DE24A0}.Debug|Any CPU.Build.0 = Debug|Any CPU
		{077B8D5C-8CB3-44C1-A64B-22F6A5DE24A0}.Release|Any CPU.ActiveCfg = Release|Any CPU
		{077B8D5C-8CB3-44C1-A64B-22F6A5DE24A0}.Release|Any CPU.Build.0 = Release|Any CPU
	EndGlobalSection
	GlobalSection(SolutionProperties) = preSolution
		HideSolutionNode = FALSE
	EndGlobalSection
	GlobalSection(ExtensibilityGlobals) = postSolution
		SolutionGuid = {CE8EF2D8-1777-4876-87D0-6448C2672988}
	EndGlobalSection
EndGlobal
